
Microsoft Visual Studio Solution File, Format Version 11.00
# Visual C++ Express 2010
Project("{8BC9CEB8-8B4A-11D0-8D11-00A0C91BC942}") = "example1", "..\examples\example1\msvc\example1.vcxproj", "{920BA937-3773-4404-8C20-F13F3DEDDC89}"
EndProject
Project("{8BC9CEB8-8B4A-11D0-8D11-00A0C91BC942}") = "sqlite3", "..\sqlite3\msvc\sqlite3.vcxproj", "{F9BF2EC1-C5E7-43D8-944D-DC5E2DF1F976}"
EndProject
Global
	GlobalSection(SolutionConfigurationPlatforms) = preSolution
		Debug|Win32 = Debug|Win32
		Release|Win32 = Release|Win32
	EndGlobalSection
	GlobalSection(ProjectConfigurationPlatforms) = postSolution
		{920BA937-3773-4404-8C20-F13F3DEDDC89}.Debug|Win32.ActiveCfg = Debug|Win32
		{920BA937-3773-4404-8C20-F13F3DEDDC89}.Debug|Win32.Build.0 = Debug|Win32
		{920BA937-3773-4404-8C20-F13F3DEDDC89}.Release|Win32.ActiveCfg = Release|Win32
		{920BA937-3773-4404-8C20-F13F3DEDDC89}.Release|Win32.Build.0 = Release|Win32
		{F9BF2EC1-C5E7-43D8-944D-DC5E2DF1F976}.Debug|Win32.ActiveCfg = Debug|Win32
		{F9BF2EC1-C5E7-43D8-944D-DC5E2DF1F976}.Debug|Win32.Build.0 = Debug|Win32
		{F9BF2EC1-C5E7-43D8-944D-DC5E2DF1F976}.Release|Win32.ActiveCfg = Release|Win32
		{F9BF2EC1-C5E7-43D8-944D-DC5E2DF1F976}.Release|Win32.Build.0 = Release|Win32
	EndGlobalSection
	GlobalSection(SolutionProperties) = preSolution
		HideSolutionNode = FALSE
	EndGlobalSection
EndGlobal
